github.com/eatmoreapple/openwechat v1.4.3 h1:hpqR3M0c180GN5e6sfkqdTmna1+vnvohqv8LkS7MecI=
github.com/eatmoreapple/openwechat v1.4.3/go.mod h1:ZxMcq7IpVWVU9JG7ERjExnm5M8/AQ6yZTtX30K3rwRQ=
github.com/sashabaranov/go-openai v1.14.0 h1:D1yAB+DHElgbJFdYyjxfTWMFzhddn+PwZmkQ039L7mQ=
github.com/sashabaranov/go-openai v1.14.0/go.mod h1:lj5b/K+zjTSFxVLijLSTDZuP7adOgerWeFyZLUhAKRg=
